// !$*UTF8*$!
{
	archiveVersion = 1;
	classes = {
	};
	objectVersion = 50;
	objects = {

/* Begin PBXBuildFile section */
		1A106CF8757193130EC0F067 /* Pods_JoyfulChurchUITests.framework in Frameworks */ = {isa = PBXBuildFile; fileRef = 90808A1A07010110DA8B3576 /* Pods_JoyfulChurchUITests.framework */; };
		23229D38222D58CC00B472CD /* MoreViewController.swift in Sources */ = {isa = PBXBuildFile; fileRef = 23229D37222D58CC00B472CD /* MoreViewController.swift */; };
		232681DB22585C86007B1E42 /* EventViewController.swift in Sources */ = {isa = PBXBuildFile; fileRef = 232681DA22585C86007B1E42 /* EventViewController.swift */; };
		232681DD22585C9E007B1E42 /* ConnectViewController.swift in Sources */ = {isa = PBXBuildFile; fileRef = 232681DC22585C9E007B1E42 /* ConnectViewController.swift */; };
		232681DF22585CB7007B1E42 /* PrayViewController.swift in Sources */ = {isa = PBXBuildFile; fileRef = 232681DE22585CB7007B1E42 /* PrayViewController.swift */; };
		232681E122585CC4007B1E42 /* SocialViewController.swift in Sources */ = {isa = PBXBuildFile; fileRef = 232681E022585CC4007B1E42 /* SocialViewController.swift */; };
		234224DB2217D70A0062B8CB /* AppDelegate.swift in Sources */ = {isa = PBXBuildFile; fileRef = 234224DA2217D70A0062B8CB /* AppDelegate.swift */; };
		234224E02217D70A0062B8CB /* Main.storyboard in Resources */ = {isa = PBXBuildFile; fileRef = 234224DE2217D70A0062B8CB /* Main.storyboard */; };
		234224E22217D70D0062B8CB /* Assets.xcassets in Resources */ = {isa = PBXBuildFile; fileRef = 234224E12217D70D0062B8CB /* Assets.xcassets */; };
		234224E52217D70D0062B8CB /* LaunchScreen.storyboard in Resources */ = {isa = PBXBuildFile; fileRef = 234224E32217D70D0062B8CB /* LaunchScreen.storyboard */; };
		234224F02217D70D0062B8CB /* JoyfulChurchTests.swift in Sources */ = {isa = PBXBuildFile; fileRef = 234224EF2217D70D0062B8CB /* JoyfulChurchTests.swift */; };
		234224FB2217D70D0062B8CB /* JoyfulChurchUITests.swift in Sources */ = {isa = PBXBuildFile; fileRef = 234224FA2217D70D0062B8CB /* JoyfulChurchUITests.swift */; };
		23509D9D2240067300872F81 /* MenuCell.swift in Sources */ = {isa = PBXBuildFile; fileRef = 23509D9B2240067300872F81 /* MenuCell.swift */; };
		23509D9E2240067300872F81 /* MenuCell.xib in Resources */ = {isa = PBXBuildFile; fileRef = 23509D9C2240067300872F81 /* MenuCell.xib */; };
		23509DA0224904EC00872F81 /* MessageViewController.swift in Sources */ = {isa = PBXBuildFile; fileRef = 23509D9F224904EC00872F81 /* MessageViewController.swift */; };
		23838ED3225F6FE4003EB51E /* EventViewModel.swift in Sources */ = {isa = PBXBuildFile; fileRef = 23838ED2225F6FE4003EB51E /* EventViewModel.swift */; };
		23838EDA225F70D1003EB51E /* Message.swift in Sources */ = {isa = PBXBuildFile; fileRef = 23838ED9225F70D1003EB51E /* Message.swift */; };
		23EAD91C2226C82D00C76E48 /* HomeViewController.swift in Sources */ = {isa = PBXBuildFile; fileRef = 23EAD91B2226C82D00C76E48 /* HomeViewController.swift */; };
		23F6E92B225E0FD8007EA305 /* EventCell.swift in Sources */ = {isa = PBXBuildFile; fileRef = 23F6E929225E0FD8007EA305 /* EventCell.swift */; };
		23F6E92C225E0FD8007EA305 /* EventCell.xib in Resources */ = {isa = PBXBuildFile; fileRef = 23F6E92A225E0FD8007EA305 /* EventCell.xib */; };
		438E2263D80BB87914BE6EF4 /* Pods_JoyfulChurch.framework in Frameworks */ = {isa = PBXBuildFile; fileRef = 42236F765085419E3164631B /* Pods_JoyfulChurch.framework */; };
		F78396604A0B828398007E77 /* Pods_JoyfulChurchTests.framework in Frameworks */ = {isa = PBXBuildFile; fileRef = FD4D917B347FA707EF62E8BE /* Pods_JoyfulChurchTests.framework */; };
/* End PBXBuildFile section */

/* Begin PBXContainerItemProxy section */
		234224EC2217D70D0062B8CB /* PBXContainerItemProxy */ = {
			isa = PBXContainerItemProxy;
			containerPortal = 234224CF2217D70A0062B8CB /* Project object */;
			proxyType = 1;
			remoteGlobalIDString = 234224D62217D70A0062B8CB;
			remoteInfo = JoyfulChurch;
		};
		234224F72217D70D0062B8CB /* PBXContainerItemProxy */ = {
			isa = PBXContainerItemProxy;
			containerPortal = 234224CF2217D70A0062B8CB /* Project object */;
			proxyType = 1;
			remoteGlobalIDString = 234224D62217D70A0062B8CB;
			remoteInfo = JoyfulChurch;
		};
/* End PBXContainerItemProxy section */

/* Begin PBXFileReference section */
		1D975D019AA8C6954CE1374C /* Pods-JoyfulChurchTests.debug.xcconfig */ = {isa = PBXFileReference; includeInIndex = 1; lastKnownFileType = text.xcconfig; name = "Pods-JoyfulChurchTests.debug.xcconfig"; path = "Target Support Files/Pods-JoyfulChurchTests/Pods-JoyfulChurchTests.debug.xcconfig"; sourceTree = "<group>"; };
		23229D37222D58CC00B472CD /* MoreViewController.swift */ = {isa = PBXFileReference; lastKnownFileType = sourcecode.swift; path = MoreViewController.swift; sourceTree = "<group>"; };
		232681DA22585C86007B1E42 /* EventViewController.swift */ = {isa = PBXFileReference; lastKnownFileType = sourcecode.swift; path = EventViewController.swift; sourceTree = "<group>"; };
		232681DC22585C9E007B1E42 /* ConnectViewController.swift */ = {isa = PBXFileReference; lastKnownFileType = sourcecode.swift; path = ConnectViewController.swift; sourceTree = "<group>"; };
		232681DE22585CB7007B1E42 /* PrayViewController.swift */ = {isa = PBXFileReference; lastKnownFileType = sourcecode.swift; path = PrayViewController.swift; sourceTree = "<group>"; };
		232681E022585CC4007B1E42 /* SocialViewController.swift */ = {isa = PBXFileReference; lastKnownFileType = sourcecode.swift; path = SocialViewController.swift; sourceTree = "<group>"; };
		234224D72217D70A0062B8CB /* JoyfulChurch.app */ = {isa = PBXFileReference; explicitFileType = wrapper.application; includeInIndex = 0; path = JoyfulChurch.app; sourceTree = BUILT_PRODUCTS_DIR; };
		234224DA2217D70A0062B8CB /* AppDelegate.swift */ = {isa = PBXFileReference; lastKnownFileType = sourcecode.swift; path = AppDelegate.swift; sourceTree = "<group>"; };
		234224DF2217D70A0062B8CB /* Base */ = {isa = PBXFileReference; lastKnownFileType = file.storyboard; name = Base; path = Base.lproj/Main.storyboard; sourceTree = "<group>"; };
		234224E12217D70D0062B8CB /* Assets.xcassets */ = {isa = PBXFileReference; lastKnownFileType = folder.assetcatalog; path = Assets.xcassets; sourceTree = "<group>"; };
		234224E42217D70D0062B8CB /* Base */ = {isa = PBXFileReference; lastKnownFileType = file.storyboard; name = Base; path = Base.lproj/LaunchScreen.storyboard; sourceTree = "<group>"; };
		234224E62217D70D0062B8CB /* Info.plist */ = {isa = PBXFileReference; lastKnownFileType = text.plist.xml; path = Info.plist; sourceTree = "<group>"; };
		234224EB2217D70D0062B8CB /* JoyfulChurchTests.xctest */ = {isa = PBXFileReference; explicitFileType = wrapper.cfbundle; includeInIndex = 0; path = JoyfulChurchTests.xctest; sourceTree = BUILT_PRODUCTS_DIR; };
		234224EF2217D70D0062B8CB /* JoyfulChurchTests.swift */ = {isa = PBXFileReference; lastKnownFileType = sourcecode.swift; path = JoyfulChurchTests.swift; sourceTree = "<group>"; };
		234224F12217D70D0062B8CB /* Info.plist */ = {isa = PBXFileReference; lastKnownFileType = text.plist.xml; path = Info.plist; sourceTree = "<group>"; };
		234224F62217D70D0062B8CB /* JoyfulChurchUITests.xctest */ = {isa = PBXFileReference; explicitFileType = wrapper.cfbundle; includeInIndex = 0; path = JoyfulChurchUITests.xctest; sourceTree = BUILT_PRODUCTS_DIR; };
		234224FA2217D70D0062B8CB /* JoyfulChurchUITests.swift */ = {isa = PBXFileReference; lastKnownFileType = sourcecode.swift; path = JoyfulChurchUITests.swift; sourceTree = "<group>"; };
		234224FC2217D70D0062B8CB /* Info.plist */ = {isa = PBXFileReference; lastKnownFileType = text.plist.xml; path = Info.plist; sourceTree = "<group>"; };
		23509D9B2240067300872F81 /* MenuCell.swift */ = {isa = PBXFileReference; lastKnownFileType = sourcecode.swift; path = MenuCell.swift; sourceTree = "<group>"; };
		23509D9C2240067300872F81 /* MenuCell.xib */ = {isa = PBXFileReference; lastKnownFileType = file.xib; path = MenuCell.xib; sourceTree = "<group>"; };
		23509D9F224904EC00872F81 /* MessageViewController.swift */ = {isa = PBXFileReference; lastKnownFileType = sourcecode.swift; path = MessageViewController.swift; sourceTree = "<group>"; };
		23838ED2225F6FE4003EB51E /* EventViewModel.swift */ = {isa = PBXFileReference; lastKnownFileType = sourcecode.swift; path = EventViewModel.swift; sourceTree = "<group>"; };
		23838ED9225F70D1003EB51E /* Message.swift */ = {isa = PBXFileReference; lastKnownFileType = sourcecode.swift; path = Message.swift; sourceTree = "<group>"; };
		23EAD91B2226C82D00C76E48 /* HomeViewController.swift */ = {isa = PBXFileReference; lastKnownFileType = sourcecode.swift; path = HomeViewController.swift; sourceTree = "<group>"; };
		23F6E929225E0FD8007EA305 /* EventCell.swift */ = {isa = PBXFileReference; lastKnownFileType = sourcecode.swift; path = EventCell.swift; sourceTree = "<group>"; };
		23F6E92A225E0FD8007EA305 /* EventCell.xib */ = {isa = PBXFileReference; lastKnownFileType = file.xib; path = EventCell.xib; sourceTree = "<group>"; };
		3FBFD75DE548C3667B12957F /* Pods-JoyfulChurch.debug.xcconfig */ = {isa = PBXFileReference; includeInIndex = 1; lastKnownFileType = text.xcconfig; name = "Pods-JoyfulChurch.debug.xcconfig"; path = "Target Support Files/Pods-JoyfulChurch/Pods-JoyfulChurch.debug.xcconfig"; sourceTree = "<group>"; };
		42236F765085419E3164631B /* Pods_JoyfulChurch.framework */ = {isa = PBXFileReference; explicitFileType = wrapper.framework; includeInIndex = 0; path = Pods_JoyfulChurch.framework; sourceTree = BUILT_PRODUCTS_DIR; };
		663172F869D5B05867566D4F /* Pods-JoyfulChurchUITests.debug.xcconfig */ = {isa = PBXFileReference; includeInIndex = 1; lastKnownFileType = text.xcconfig; name = "Pods-JoyfulChurchUITests.debug.xcconfig"; path = "Target Support Files/Pods-JoyfulChurchUITests/Pods-JoyfulChurchUITests.debug.xcconfig"; sourceTree = "<group>"; };
		7C4D68B76858C0F6249526FB /* Pods-JoyfulChurch.release.xcconfig */ = {isa = PBXFileReference; includeInIndex = 1; lastKnownFileType = text.xcconfig; name = "Pods-JoyfulChurch.release.xcconfig"; path = "Target Support Files/Pods-JoyfulChurch/Pods-JoyfulChurch.release.xcconfig"; sourceTree = "<group>"; };
		90808A1A07010110DA8B3576 /* Pods_JoyfulChurchUITests.framework */ = {isa = PBXFileReference; explicitFileType = wrapper.framework; includeInIndex = 0; path = Pods_JoyfulChurchUITests.framework; sourceTree = BUILT_PRODUCTS_DIR; };
		97CBC1A65CB7896742350048 /* Pods-JoyfulChurchUITests.release.xcconfig */ = {isa = PBXFileReference; includeInIndex = 1; lastKnownFileType = text.xcconfig; name = "Pods-JoyfulChurchUITests.release.xcconfig"; path = "Target Support Files/Pods-JoyfulChurchUITests/Pods-JoyfulChurchUITests.release.xcconfig"; sourceTree = "<group>"; };
		DA599DD46752A017DF83DF0E /* Pods-JoyfulChurchTests.release.xcconfig */ = {isa = PBXFileReference; includeInIndex = 1; lastKnownFileType = text.xcconfig; name = "Pods-JoyfulChurchTests.release.xcconfig"; path = "Target Support Files/Pods-JoyfulChurchTests/Pods-JoyfulChurchTests.release.xcconfig"; sourceTree = "<group>"; };
		FD4D917B347FA707EF62E8BE /* Pods_JoyfulChurchTests.framework */ = {isa = PBXFileReference; explicitFileType = wrapper.framework; includeInIndex = 0; path = Pods_JoyfulChurchTests.framework; sourceTree = BUILT_PRODUCTS_DIR; };
/* End PBXFileReference section */

/* Begin PBXFrameworksBuildPhase section */
		234224D42217D70A0062B8CB /* Frameworks */ = {
			isa = PBXFrameworksBuildPhase;
			buildActionMask = 2147483647;
			files = (
				438E2263D80BB87914BE6EF4 /* Pods_JoyfulChurch.framework in Frameworks */,
			);
			runOnlyForDeploymentPostprocessing = 0;
		};
		234224E82217D70D0062B8CB /* Frameworks */ = {
			isa = PBXFrameworksBuildPhase;
			buildActionMask = 2147483647;
			files = (
				F78396604A0B828398007E77 /* Pods_JoyfulChurchTests.framework in Frameworks */,
			);
			runOnlyForDeploymentPostprocessing = 0;
		};
		234224F32217D70D0062B8CB /* Frameworks */ = {
			isa = PBXFrameworksBuildPhase;
			buildActionMask = 2147483647;
			files = (
				1A106CF8757193130EC0F067 /* Pods_JoyfulChurchUITests.framework in Frameworks */,
			);
			runOnlyForDeploymentPostprocessing = 0;
		};
/* End PBXFrameworksBuildPhase section */

/* Begin PBXGroup section */
		234224CE2217D70A0062B8CB = {
			isa = PBXGroup;
			children = (
				234224D92217D70A0062B8CB /* JoyfulChurch */,
				234224EE2217D70D0062B8CB /* JoyfulChurchTests */,
				234224F92217D70D0062B8CB /* JoyfulChurchUITests */,
				234224D82217D70A0062B8CB /* Products */,
				948B98CB1D930A6CA5000C93 /* Pods */,
				75CE8EC1D8808BBF41DEB404 /* Frameworks */,
			);
			sourceTree = "<group>";
			usesTabs = 0;
		};
		234224D82217D70A0062B8CB /* Products */ = {
			isa = PBXGroup;
			children = (
				234224D72217D70A0062B8CB /* JoyfulChurch.app */,
				234224EB2217D70D0062B8CB /* JoyfulChurchTests.xctest */,
				234224F62217D70D0062B8CB /* JoyfulChurchUITests.xctest */,
			);
			name = Products;
			sourceTree = "<group>";
		};
		234224D92217D70A0062B8CB /* JoyfulChurch */ = {
			isa = PBXGroup;
			children = (
				234224DA2217D70A0062B8CB /* AppDelegate.swift */,
				23F6E928225B9089007EA305 /* HomeController */,
				234224DE2217D70A0062B8CB /* Main.storyboard */,
				234224E12217D70D0062B8CB /* Assets.xcassets */,
				234224E32217D70D0062B8CB /* LaunchScreen.storyboard */,
				234224E62217D70D0062B8CB /* Info.plist */,
			);
			path = JoyfulChurch;
			sourceTree = "<group>";
		};
		234224EE2217D70D0062B8CB /* JoyfulChurchTests */ = {
			isa = PBXGroup;
			children = (
				234224EF2217D70D0062B8CB /* JoyfulChurchTests.swift */,
				234224F12217D70D0062B8CB /* Info.plist */,
			);
			path = JoyfulChurchTests;
			sourceTree = "<group>";
		};
		234224F92217D70D0062B8CB /* JoyfulChurchUITests */ = {
			isa = PBXGroup;
			children = (
				234224FA2217D70D0062B8CB /* JoyfulChurchUITests.swift */,
				234224FC2217D70D0062B8CB /* Info.plist */,
			);
			path = JoyfulChurchUITests;
			sourceTree = "<group>";
		};
		23838ECD225F6F8A003EB51E /* Modules */ = {
			isa = PBXGroup;
			children = (
				23838ECF225F6FA9003EB51E /* Main */,
				23838ED1225F6FC7003EB51E /* Event */,
				23838ED4225F7012003EB51E /* Connect */,
				23838ED5225F701A003EB51E /* Pray */,
				23838ED6225F7020003EB51E /* Social */,
				23838ED7225F7047003EB51E /* Messages */,
				23838ED8225F7062003EB51E /* More */,
			);
			path = Modules;
			sourceTree = "<group>";
		};
		23838ECE225F6F9E003EB51E /* Models */ = {
			isa = PBXGroup;
			children = (
				23838ED9225F70D1003EB51E /* Message.swift */,
			);
			path = Models;
			sourceTree = "<group>";
		};
		23838ECF225F6FA9003EB51E /* Main */ = {
			isa = PBXGroup;
			children = (
				23EAD91B2226C82D00C76E48 /* HomeViewController.swift */,
				23509D9B2240067300872F81 /* MenuCell.swift */,
				23509D9C2240067300872F81 /* MenuCell.xib */,
			);
			path = Main;
			sourceTree = "<group>";
		};
		23838ED1225F6FC7003EB51E /* Event */ = {
			isa = PBXGroup;
			children = (
				23838ED2225F6FE4003EB51E /* EventViewModel.swift */,
				232681DA22585C86007B1E42 /* EventViewController.swift */,
				23F6E929225E0FD8007EA305 /* EventCell.swift */,
				23F6E92A225E0FD8007EA305 /* EventCell.xib */,
			);
			path = Event;
			sourceTree = "<group>";
		};
		23838ED4225F7012003EB51E /* Connect */ = {
			isa = PBXGroup;
			children = (
				232681DC22585C9E007B1E42 /* ConnectViewController.swift */,
			);
			path = Connect;
			sourceTree = "<group>";
		};
		23838ED5225F701A003EB51E /* Pray */ = {
			isa = PBXGroup;
			children = (
				232681DE22585CB7007B1E42 /* PrayViewController.swift */,
			);
			path = Pray;
			sourceTree = "<group>";
		};
		23838ED6225F7020003EB51E /* Social */ = {
			isa = PBXGroup;
			children = (
				232681E022585CC4007B1E42 /* SocialViewController.swift */,
			);
			path = Social;
			sourceTree = "<group>";
		};
		23838ED7225F7047003EB51E /* Messages */ = {
			isa = PBXGroup;
			children = (
				23509D9F224904EC00872F81 /* MessageViewController.swift */,
			);
			path = Messages;
			sourceTree = "<group>";
		};
		23838ED8225F7062003EB51E /* More */ = {
			isa = PBXGroup;
			children = (
				23229D37222D58CC00B472CD /* MoreViewController.swift */,
			);
			path = More;
			sourceTree = "<group>";
		};
		23F6E928225B9089007EA305 /* HomeController */ = {
			isa = PBXGroup;
			children = (
				23838ECE225F6F9E003EB51E /* Models */,
				23838ECD225F6F8A003EB51E /* Modules */,
			);
			path = HomeController;
			sourceTree = "<group>";
		};
		75CE8EC1D8808BBF41DEB404 /* Frameworks */ = {
			isa = PBXGroup;
			children = (
				42236F765085419E3164631B /* Pods_JoyfulChurch.framework */,
				FD4D917B347FA707EF62E8BE /* Pods_JoyfulChurchTests.framework */,
				90808A1A07010110DA8B3576 /* Pods_JoyfulChurchUITests.framework */,
			);
			name = Frameworks;
			sourceTree = "<group>";
		};
		948B98CB1D930A6CA5000C93 /* Pods */ = {
			isa = PBXGroup;
			children = (
				3FBFD75DE548C3667B12957F /* Pods-JoyfulChurch.debug.xcconfig */,
				7C4D68B76858C0F6249526FB /* Pods-JoyfulChurch.release.xcconfig */,
				1D975D019AA8C6954CE1374C /* Pods-JoyfulChurchTests.debug.xcconfig */,
				DA599DD46752A017DF83DF0E /* Pods-JoyfulChurchTests.release.xcconfig */,
				663172F869D5B05867566D4F /* Pods-JoyfulChurchUITests.debug.xcconfig */,
				97CBC1A65CB7896742350048 /* Pods-JoyfulChurchUITests.release.xcconfig */,
			);
			path = Pods;
			sourceTree = "<group>";
		};
/* End PBXGroup section */

/* Begin PBXNativeTarget section */
		234224D62217D70A0062B8CB /* JoyfulChurch */ = {
			isa = PBXNativeTarget;
			buildConfigurationList = 234224FF2217D70D0062B8CB /* Build configuration list for PBXNativeTarget "JoyfulChurch" */;
			buildPhases = (
				C2AC020C274237FFFDC72653 /* [CP] Check Pods Manifest.lock */,
				234224D32217D70A0062B8CB /* Sources */,
				234224D42217D70A0062B8CB /* Frameworks */,
				234224D52217D70A0062B8CB /* Resources */,
				965E7E0F04919EDBB1E04AEF /* [CP] Embed Pods Frameworks */,
			);
			buildRules = (
			);
			dependencies = (
			);
			name = JoyfulChurch;
			productName = JoyfulChurch;
			productReference = 234224D72217D70A0062B8CB /* JoyfulChurch.app */;
			productType = "com.apple.product-type.application";
		};
		234224EA2217D70D0062B8CB /* JoyfulChurchTests */ = {
			isa = PBXNativeTarget;
			buildConfigurationList = 234225022217D70D0062B8CB /* Build configuration list for PBXNativeTarget "JoyfulChurchTests" */;
			buildPhases = (
				4D6867DE97A4E0C9508F243A /* [CP] Check Pods Manifest.lock */,
				234224E72217D70D0062B8CB /* Sources */,
				234224E82217D70D0062B8CB /* Frameworks */,
				234224E92217D70D0062B8CB /* Resources */,
			);
			buildRules = (
			);
			dependencies = (
				234224ED2217D70D0062B8CB /* PBXTargetDependency */,
			);
			name = JoyfulChurchTests;
			productName = JoyfulChurchTests;
			productReference = 234224EB2217D70D0062B8CB /* JoyfulChurchTests.xctest */;
			productType = "com.apple.product-type.bundle.unit-test";
		};
		234224F52217D70D0062B8CB /* JoyfulChurchUITests */ = {
			isa = PBXNativeTarget;
			buildConfigurationList = 234225052217D70D0062B8CB /* Build configuration list for PBXNativeTarget "JoyfulChurchUITests" */;
			buildPhases = (
				FDE69BFAE3B6F047A89460FB /* [CP] Check Pods Manifest.lock */,
				234224F22217D70D0062B8CB /* Sources */,
				234224F32217D70D0062B8CB /* Frameworks */,
				234224F42217D70D0062B8CB /* Resources */,
			);
			buildRules = (
			);
			dependencies = (
				234224F82217D70D0062B8CB /* PBXTargetDependency */,
			);
			name = JoyfulChurchUITests;
			productName = JoyfulChurchUITests;
			productReference = 234224F62217D70D0062B8CB /* JoyfulChurchUITests.xctest */;
			productType = "com.apple.product-type.bundle.ui-testing";
		};
/* End PBXNativeTarget section */

/* Begin PBXProject section */
		234224CF2217D70A0062B8CB /* Project object */ = {
			isa = PBXProject;
			attributes = {
				LastSwiftUpdateCheck = 1010;
				LastUpgradeCheck = 1010;
				ORGANIZATIONNAME = JoyfulChurch;
				TargetAttributes = {
					234224D62217D70A0062B8CB = {
						CreatedOnToolsVersion = 10.1;
					};
					234224EA2217D70D0062B8CB = {
						CreatedOnToolsVersion = 10.1;
						TestTargetID = 234224D62217D70A0062B8CB;
					};
					234224F52217D70D0062B8CB = {
						CreatedOnToolsVersion = 10.1;
						TestTargetID = 234224D62217D70A0062B8CB;
					};
				};
			};
			buildConfigurationList = 234224D22217D70A0062B8CB /* Build configuration list for PBXProject "JoyfulChurch" */;
			compatibilityVersion = "Xcode 9.3";
			developmentRegion = en;
			hasScannedForEncodings = 0;
			knownRegions = (
				en,
				Base,
			);
			mainGroup = 234224CE2217D70A0062B8CB;
			productRefGroup = 234224D82217D70A0062B8CB /* Products */;
			projectDirPath = "";
			projectRoot = "";
			targets = (
				234224D62217D70A0062B8CB /* JoyfulChurch */,
				234224EA2217D70D0062B8CB /* JoyfulChurchTests */,
				234224F52217D70D0062B8CB /* JoyfulChurchUITests */,
			);
		};
/* End PBXProject section */

/* Begin PBXResourcesBuildPhase section */
		234224D52217D70A0062B8CB /* Resources */ = {
			isa = PBXResourcesBuildPhase;
			buildActionMask = 2147483647;
			files = (
				234224E52217D70D0062B8CB /* LaunchScreen.storyboard in Resources */,
				234224E22217D70D0062B8CB /* Assets.xcassets in Resources */,
				23509D9E2240067300872F81 /* MenuCell.xib in Resources */,
				23F6E92C225E0FD8007EA305 /* EventCell.xib in Resources */,
				234224E02217D70A0062B8CB /* Main.storyboard in Resources */,
			);
			runOnlyForDeploymentPostprocessing = 0;
		};
		234224E92217D70D0062B8CB /* Resources */ = {
			isa = PBXResourcesBuildPhase;
			buildActionMask = 2147483647;
			files = (
			);
			runOnlyForDeploymentPostprocessing = 0;
		};
		234224F42217D70D0062B8CB /* Resources */ = {
			isa = PBXResourcesBuildPhase;
			buildActionMask = 2147483647;
			files = (
			);
			runOnlyForDeploymentPostprocessing = 0;
		};
/* End PBXResourcesBuildPhase section */

/* Begin PBXShellScriptBuildPhase section */
		4D6867DE97A4E0C9508F243A /* [CP] Check Pods Manifest.lock */ = {
			isa = PBXShellScriptBuildPhase;
			buildActionMask = 2147483647;
			files = (
			);
			inputFileListPaths = (
			);
			inputPaths = (
				"${PODS_PODFILE_DIR_PATH}/Podfile.lock",
				"${PODS_ROOT}/Manifest.lock",
			);
			name = "[CP] Check Pods Manifest.lock";
			outputFileListPaths = (
			);
			outputPaths = (
				"$(DERIVED_FILE_DIR)/Pods-JoyfulChurchTests-checkManifestLockResult.txt",
			);
			runOnlyForDeploymentPostprocessing = 0;
			shellPath = /bin/sh;
			shellScript = "diff \"${PODS_PODFILE_DIR_PATH}/Podfile.lock\" \"${PODS_ROOT}/Manifest.lock\" > /dev/null\nif [ $? != 0 ] ; then\n    # print error to STDERR\n    echo \"error: The sandbox is not in sync with the Podfile.lock. Run 'pod install' or update your CocoaPods installation.\" >&2\n    exit 1\nfi\n# This output is used by Xcode 'outputs' to avoid re-running this script phase.\necho \"SUCCESS\" > \"${SCRIPT_OUTPUT_FILE_0}\"\n";
			showEnvVarsInLog = 0;
		};
		965E7E0F04919EDBB1E04AEF /* [CP] Embed Pods Frameworks */ = {
			isa = PBXShellScriptBuildPhase;
			buildActionMask = 2147483647;
			files = (
			);
			inputFileListPaths = (
				"${PODS_ROOT}/Target Support Files/Pods-JoyfulChurch/Pods-JoyfulChurch-frameworks-${CONFIGURATION}-input-files.xcfilelist",
			);
			name = "[CP] Embed Pods Frameworks";
			outputFileListPaths = (
				"${PODS_ROOT}/Target Support Files/Pods-JoyfulChurch/Pods-JoyfulChurch-frameworks-${CONFIGURATION}-output-files.xcfilelist",
			);
			runOnlyForDeploymentPostprocessing = 0;
			shellPath = /bin/sh;
			shellScript = "\"${PODS_ROOT}/Target Support Files/Pods-JoyfulChurch/Pods-JoyfulChurch-frameworks.sh\"\n";
			showEnvVarsInLog = 0;
		};
		C2AC020C274237FFFDC72653 /* [CP] Check Pods Manifest.lock */ = {
			isa = PBXShellScriptBuildPhase;
			buildActionMask = 2147483647;
			files = (
			);
			inputFileListPaths = (
			);
			inputPaths = (
				"${PODS_PODFILE_DIR_PATH}/Podfile.lock",
				"${PODS_ROOT}/Manifest.lock",
			);
			name = "[CP] Check Pods Manifest.lock";
			outputFileListPaths = (
			);
			outputPaths = (
				"$(DERIVED_FILE_DIR)/Pods-JoyfulChurch-checkManifestLockResult.txt",
			);
			runOnlyForDeploymentPostprocessing = 0;
			shellPath = /bin/sh;
			shellScript = "diff \"${PODS_PODFILE_DIR_PATH}/Podfile.lock\" \"${PODS_ROOT}/Manifest.lock\" > /dev/null\nif [ $? != 0 ] ; then\n    # print error to STDERR\n    echo \"error: The sandbox is not in sync with the Podfile.lock. Run 'pod install' or update your CocoaPods installation.\" >&2\n    exit 1\nfi\n# This output is used by Xcode 'outputs' to avoid re-running this script phase.\necho \"SUCCESS\" > \"${SCRIPT_OUTPUT_FILE_0}\"\n";
			showEnvVarsInLog = 0;
		};
		FDE69BFAE3B6F047A89460FB /* [CP] Check Pods Manifest.lock */ = {
			isa = PBXShellScriptBuildPhase;
			buildActionMask = 2147483647;
			files = (
			);
			inputFileListPaths = (
			);
			inputPaths = (
				"${PODS_PODFILE_DIR_PATH}/Podfile.lock",
				"${PODS_ROOT}/Manifest.lock",
			);
			name = "[CP] Check Pods Manifest.lock";
			outputFileListPaths = (
			);
			outputPaths = (
				"$(DERIVED_FILE_DIR)/Pods-JoyfulChurchUITests-checkManifestLockResult.txt",
			);
			runOnlyForDeploymentPostprocessing = 0;
			shellPath = /bin/sh;
			shellScript = "diff \"${PODS_PODFILE_DIR_PATH}/Podfile.lock\" \"${PODS_ROOT}/Manifest.lock\" > /dev/null\nif [ $? != 0 ] ; then\n    # print error to STDERR\n    echo \"error: The sandbox is not in sync with the Podfile.lock. Run 'pod install' or update your CocoaPods installation.\" >&2\n    exit 1\nfi\n# This output is used by Xcode 'outputs' to avoid re-running this script phase.\necho \"SUCCESS\" > \"${SCRIPT_OUTPUT_FILE_0}\"\n";
			showEnvVarsInLog = 0;
		};
/* End PBXShellScriptBuildPhase section */

/* Begin PBXSourcesBuildPhase section */
		234224D32217D70A0062B8CB /* Sources */ = {
			isa = PBXSourcesBuildPhase;
			buildActionMask = 2147483647;
			files = (
				232681DD22585C9E007B1E42 /* ConnectViewController.swift in Sources */,
				23509D9D2240067300872F81 /* MenuCell.swift in Sources */,
				23F6E92B225E0FD8007EA305 /* EventCell.swift in Sources */,
				23838ED3225F6FE4003EB51E /* EventViewModel.swift in Sources */,
				23229D38222D58CC00B472CD /* MoreViewController.swift in Sources */,
				234224DB2217D70A0062B8CB /* AppDelegate.swift in Sources */,
				23509DA0224904EC00872F81 /* MessageViewController.swift in Sources */,
				23EAD91C2226C82D00C76E48 /* HomeViewController.swift in Sources */,
				232681E122585CC4007B1E42 /* SocialViewController.swift in Sources */,
				23838EDA225F70D1003EB51E /* Message.swift in Sources */,
				232681DF22585CB7007B1E42 /* PrayViewController.swift in Sources */,
				232681DB22585C86007B1E42 /* EventViewController.swift in Sources */,
			);
			runOnlyForDeploymentPostprocessing = 0;
		};
		234224E72217D70D0062B8CB /* Sources */ = {
			isa = PBXSourcesBuildPhase;
			buildActionMask = 2147483647;
			files = (
				234224F02217D70D0062B8CB /* JoyfulChurchTests.swift in Sources */,
			);
			runOnlyForDeploymentPostprocessing = 0;
		};
		234224F22217D70D0062B8CB /* Sources */ = {
			isa = PBXSourcesBuildPhase;
			buildActionMask = 2147483647;
			files = (
				234224FB2217D70D0062B8CB /* JoyfulChurchUITests.swift in Sources */,
			);
			runOnlyForDeploymentPostprocessing = 0;
		};
/* End PBXSourcesBuildPhase section */

/* Begin PBXTargetDependency section */
		234224ED2217D70D0062B8CB /* PBXTargetDependency */ = {
			isa = PBXTargetDependency;
			target = 234224D62217D70A0062B8CB /* JoyfulChurch */;
			targetProxy = 234224EC2217D70D0062B8CB /* PBXContainerItemProxy */;
		};
		234224F82217D70D0062B8CB /* PBXTargetDependency */ = {
			isa = PBXTargetDependency;
			target = 234224D62217D70A0062B8CB /* JoyfulChurch */;
			targetProxy = 234224F72217D70D0062B8CB /* PBXContainerItemProxy */;
		};
/* End PBXTargetDependency section */

/* Begin PBXVariantGroup section */
		234224DE2217D70A0062B8CB /* Main.storyboard */ = {
			isa = PBXVariantGroup;
			children = (
				234224DF2217D70A0062B8CB /* Base */,
			);
			name = Main.storyboard;
			sourceTree = "<group>";
		};
		234224E32217D70D0062B8CB /* LaunchScreen.storyboard */ = {
			isa = PBXVariantGroup;
			children = (
				234224E42217D70D0062B8CB /* Base */,
			);
			name = LaunchScreen.storyboard;
			sourceTree = "<group>";
		};
/* End PBXVariantGroup section */

/* Begin XCBuildConfiguration section */
		234224FD2217D70D0062B8CB /* Debug */ = {
			isa = XCBuildConfiguration;
			buildSettings = {
				ALWAYS_SEARCH_USER_PATHS = NO;
				CLANG_ANALYZER_NONNULL = YES;
				CLANG_ANALYZER_NUMBER_OBJECT_CONVERSION = YES_AGGRESSIVE;
				CLANG_CXX_LANGUAGE_STANDARD = "gnu++14";
				CLANG_CXX_LIBRARY = "libc++";
				CLANG_ENABLE_MODULES = YES;
				CLANG_ENABLE_OBJC_ARC = YES;
				CLANG_ENABLE_OBJC_WEAK = YES;
				CLANG_WARN_BLOCK_CAPTURE_AUTORELEASING = YES;
				CLANG_WARN_BOOL_CONVERSION = YES;
				CLANG_WARN_COMMA = YES;
				CLANG_WARN_CONSTANT_CONVERSION = YES;
				CLANG_WARN_DEPRECATED_OBJC_IMPLEMENTATIONS = YES;
				CLANG_WARN_DIRECT_OBJC_ISA_USAGE = YES_ERROR;
				CLANG_WARN_DOCUMENTATION_COMMENTS = YES;
				CLANG_WARN_EMPTY_BODY = YES;
				CLANG_WARN_ENUM_CONVERSION = YES;
				CLANG_WARN_INFINITE_RECURSION = YES;
				CLANG_WARN_INT_CONVERSION = YES;
				CLANG_WARN_NON_LITERAL_NULL_CONVERSION = YES;
				CLANG_WARN_OBJC_IMPLICIT_RETAIN_SELF = YES;
				CLANG_WARN_OBJC_LITERAL_CONVERSION = YES;
				CLANG_WARN_OBJC_ROOT_CLASS = YES_ERROR;
				CLANG_WARN_RANGE_LOOP_ANALYSIS = YES;
				CLANG_WARN_STRICT_PROTOTYPES = YES;
				CLANG_WARN_SUSPICIOUS_MOVE = YES;
				CLANG_WARN_UNGUARDED_AVAILABILITY = YES_AGGRESSIVE;
				CLANG_WARN_UNREACHABLE_CODE = YES;
				CLANG_WARN__DUPLICATE_METHOD_MATCH = YES;
				CODE_SIGN_IDENTITY = "iPhone Developer";
				COPY_PHASE_STRIP = NO;
				DEBUG_INFORMATION_FORMAT = dwarf;
				ENABLE_STRICT_OBJC_MSGSEND = YES;
				ENABLE_TESTABILITY = YES;
				GCC_C_LANGUAGE_STANDARD = gnu11;
				GCC_DYNAMIC_NO_PIC = NO;
				GCC_NO_COMMON_BLOCKS = YES;
				GCC_OPTIMIZATION_LEVEL = 0;
				GCC_PREPROCESSOR_DEFINITIONS = (
					"DEBUG=1",
					"$(inherited)",
				);
				GCC_WARN_64_TO_32_BIT_CONVERSION = YES;
				GCC_WARN_ABOUT_RETURN_TYPE = YES_ERROR;
				GCC_WARN_UNDECLARED_SELECTOR = YES;
				GCC_WARN_UNINITIALIZED_AUTOS = YES_AGGRESSIVE;
				GCC_WARN_UNUSED_FUNCTION = YES;
				GCC_WARN_UNUSED_VARIABLE = YES;
				IPHONEOS_DEPLOYMENT_TARGET = 10.0;
				MTL_ENABLE_DEBUG_INFO = INCLUDE_SOURCE;
				MTL_FAST_MATH = YES;
				ONLY_ACTIVE_ARCH = YES;
				SDKROOT = iphoneos;
				SWIFT_ACTIVE_COMPILATION_CONDITIONS = DEBUG;
				SWIFT_OPTIMIZATION_LEVEL = "-Onone";
			};
			name = Debug;
		};
		234224FE2217D70D0062B8CB /* Release */ = {
			isa = XCBuildConfiguration;
			buildSettings = {
				ALWAYS_SEARCH_USER_PATHS = NO;
				CLANG_ANALYZER_NONNULL = YES;
				CLANG_ANALYZER_NUMBER_OBJECT_CONVERSION = YES_AGGRESSIVE;
				CLANG_CXX_LANGUAGE_STANDARD = "gnu++14";
				CLANG_CXX_LIBRARY = "libc++";
				CLANG_ENABLE_MODULES = YES;
				CLANG_ENABLE_OBJC_ARC = YES;
				CLANG_ENABLE_OBJC_WEAK = YES;
				CLANG_WARN_BLOCK_CAPTURE_AUTORELEASING = YES;
				CLANG_WARN_BOOL_CONVERSION = YES;
				CLANG_WARN_COMMA = YES;
				CLANG_WARN_CONSTANT_CONVERSION = YES;
				CLANG_WARN_DEPRECATED_OBJC_IMPLEMENTATIONS = YES;
				CLANG_WARN_DIRECT_OBJC_ISA_USAGE = YES_ERROR;
				CLANG_WARN_DOCUMENTATION_COMMENTS = YES;
				CLANG_WARN_EMPTY_BODY = YES;
				CLANG_WARN_ENUM_CONVERSION = YES;
				CLANG_WARN_INFINITE_RECURSION = YES;
				CLANG_WARN_INT_CONVERSION = YES;
				CLANG_WARN_NON_LITERAL_NULL_CONVERSION = YES;
				CLANG_WARN_OBJC_IMPLICIT_RETAIN_SELF = YES;
				CLANG_WARN_OBJC_LITERAL_CONVERSION = YES;
				CLANG_WARN_OBJC_ROOT_CLASS = YES_ERROR;
				CLANG_WARN_RANGE_LOOP_ANALYSIS = YES;
				CLANG_WARN_STRICT_PROTOTYPES = YES;
				CLANG_WARN_SUSPICIOUS_MOVE = YES;
				CLANG_WARN_UNGUARDED_AVAILABILITY = YES_AGGRESSIVE;
				CLANG_WARN_UNREACHABLE_CODE = YES;
				CLANG_WARN__DUPLICATE_METHOD_MATCH = YES;
				CODE_SIGN_IDENTITY = "iPhone Developer";
				COPY_PHASE_STRIP = NO;
				DEBUG_INFORMATION_FORMAT = "dwarf-with-dsym";
				ENABLE_NS_ASSERTIONS = NO;
				ENABLE_STRICT_OBJC_MSGSEND = YES;
				GCC_C_LANGUAGE_STANDARD = gnu11;
				GCC_NO_COMMON_BLOCKS = YES;
				GCC_WARN_64_TO_32_BIT_CONVERSION = YES;
				GCC_WARN_ABOUT_RETURN_TYPE = YES_ERROR;
				GCC_WARN_UNDECLARED_SELECTOR = YES;
				GCC_WARN_UNINITIALIZED_AUTOS = YES_AGGRESSIVE;
				GCC_WARN_UNUSED_FUNCTION = YES;
				GCC_WARN_UNUSED_VARIABLE = YES;
				IPHONEOS_DEPLOYMENT_TARGET = 10.0;
				MTL_ENABLE_DEBUG_INFO = NO;
				MTL_FAST_MATH = YES;
				SDKROOT = iphoneos;
				SWIFT_COMPILATION_MODE = wholemodule;
				SWIFT_OPTIMIZATION_LEVEL = "-O";
				VALIDATE_PRODUCT = YES;
			};
			name = Release;
		};
		234225002217D70D0062B8CB /* Debug */ = {
			isa = XCBuildConfiguration;
			baseConfigurationReference = 3FBFD75DE548C3667B12957F /* Pods-JoyfulChurch.debug.xcconfig */;
			buildSettings = {
				ASSETCATALOG_COMPILER_APPICON_NAME = AppIcon;
				CODE_SIGN_STYLE = Automatic;
				DEVELOPMENT_TEAM = 3UGB7ZX43H;
				INFOPLIST_FILE = JoyfulChurch/Info.plist;
				LD_RUNPATH_SEARCH_PATHS = (
					"$(inherited)",
					"@executable_path/Frameworks",
				);
				PRODUCT_BUNDLE_IDENTIFIER = com.joyfulchurch.JoyfulChurch;
				PRODUCT_NAME = "$(TARGET_NAME)";
				SWIFT_VERSION = 4.2;
				TARGETED_DEVICE_FAMILY = "1,2";
			};
			name = Debug;
		};
		234225012217D70D0062B8CB /* Release */ = {
			isa = XCBuildConfiguration;
			baseConfigurationReference = 7C4D68B76858C0F6249526FB /* Pods-JoyfulChurch.release.xcconfig */;
			buildSettings = {
				ASSETCATALOG_COMPILER_APPICON_NAME = AppIcon;
				CODE_SIGN_STYLE = Automatic;
				DEVELOPMENT_TEAM = 3UGB7ZX43H;
				INFOPLIST_FILE = JoyfulChurch/Info.plist;
				LD_RUNPATH_SEARCH_PATHS = (
					"$(inherited)",
					"@executable_path/Frameworks",
				);
				PRODUCT_BUNDLE_IDENTIFIER = com.joyfulchurch.JoyfulChurch;
				PRODUCT_NAME = "$(TARGET_NAME)";
				SWIFT_VERSION = 4.2;
				TARGETED_DEVICE_FAMILY = "1,2";
			};
			name = Release;
		};
		234225032217D70D0062B8CB /* Debug */ = {
			isa = XCBuildConfiguration;
			baseConfigurationReference = 1D975D019AA8C6954CE1374C /* Pods-JoyfulChurchTests.debug.xcconfig */;
			buildSettings = {
				ALWAYS_EMBED_SWIFT_STANDARD_LIBRARIES = YES;
				BUNDLE_LOADER = "$(TEST_HOST)";
				CODE_SIGN_STYLE = Automatic;
				DEVELOPMENT_TEAM = 3UGB7ZX43H;
				INFOPLIST_FILE = JoyfulChurchTests/Info.plist;
				LD_RUNPATH_SEARCH_PATHS = (
					"$(inherited)",
					"@executable_path/Frameworks",
					"@loader_path/Frameworks",
				);
				PRODUCT_BUNDLE_IDENTIFIER = com.joyfulchurch.JoyfulChurchTests;
				PRODUCT_NAME = "$(TARGET_NAME)";
				SWIFT_VERSION = 4.2;
				TARGETED_DEVICE_FAMILY = "1,2";
				TEST_HOST = "$(BUILT_PRODUCTS_DIR)/JoyfulChurch.app/JoyfulChurch";
			};
			name = Debug;
		};
		234225042217D70D0062B8CB /* Release */ = {
			isa = XCBuildConfiguration;
			baseConfigurationReference = DA599DD46752A017DF83DF0E /* Pods-JoyfulChurchTests.release.xcconfig */;
			buildSettings = {
				ALWAYS_EMBED_SWIFT_STANDARD_LIBRARIES = YES;
				BUNDLE_LOADER = "$(TEST_HOST)";
				CODE_SIGN_STYLE = Automatic;
				DEVELOPMENT_TEAM = 3UGB7ZX43H;
				INFOPLIST_FILE = JoyfulChurchTests/Info.plist;
				LD_RUNPATH_SEARCH_PATHS = (
					"$(inherited)",
					"@executable_path/Frameworks",
					"@loader_path/Frameworks",
				);
				PRODUCT_BUNDLE_IDENTIFIER = com.joyfulchurch.JoyfulChurchTests;
				PRODUCT_NAME = "$(TARGET_NAME)";
				SWIFT_VERSION = 4.2;
				TARGETED_DEVICE_FAMILY = "1,2";
				TEST_HOST = "$(BUILT_PRODUCTS_DIR)/JoyfulChurch.app/JoyfulChurch";
			};
			name = Release;
		};
		234225062217D70D0062B8CB /* Debug */ = {
			isa = XCBuildConfiguration;
			baseConfigurationReference = 663172F869D5B05867566D4F /* Pods-JoyfulChurchUITests.debug.xcconfig */;
			buildSettings = {
				ALWAYS_EMBED_SWIFT_STANDARD_LIBRARIES = YES;
				CODE_SIGN_STYLE = Automatic;
				DEVELOPMENT_TEAM = 3UGB7ZX43H;
				INFOPLIST_FILE = JoyfulChurchUITests/Info.plist;
				LD_RUNPATH_SEARCH_PATHS = (
					"$(inherited)",
					"@executable_path/Frameworks",
					"@loader_path/Frameworks",
				);
				PRODUCT_BUNDLE_IDENTIFIER = com.joyfulchurch.JoyfulChurchUITests;
				PRODUCT_NAME = "$(TARGET_NAME)";
				SWIFT_VERSION = 4.2;
				TARGETED_DEVICE_FAMILY = "1,2";
				TEST_TARGET_NAME = JoyfulChurch;
			};
			name = Debug;
		};
		234225072217D70D0062B8CB /* Release */ = {
			isa = XCBuildConfiguration;
			baseConfigurationReference = 97CBC1A65CB7896742350048 /* Pods-JoyfulChurchUITests.release.xcconfig */;
			buildSettings = {
				ALWAYS_EMBED_SWIFT_STANDARD_LIBRARIES = YES;
				CODE_SIGN_STYLE = Automatic;
				DEVELOPMENT_TEAM = 3UGB7ZX43H;
				INFOPLIST_FILE = JoyfulChurchUITests/Info.plist;
				LD_RUNPATH_SEARCH_PATHS = (
					"$(inherited)",
					"@executable_path/Frameworks",
					"@loader_path/Frameworks",
				);
				PRODUCT_BUNDLE_IDENTIFIER = com.joyfulchurch.JoyfulChurchUITests;
				PRODUCT_NAME = "$(TARGET_NAME)";
				SWIFT_VERSION = 4.2;
				TARGETED_DEVICE_FAMILY = "1,2";
				TEST_TARGET_NAME = JoyfulChurch;
			};
			name = Release;
		};
/* End XCBuildConfiguration section */

/* Begin XCConfigurationList section */
		234224D22217D70A0062B8CB /* Build configuration list for PBXProject "JoyfulChurch" */ = {
			isa = XCConfigurationList;
			buildConfigurations = (
				234224FD2217D70D0062B8CB /* Debug */,
				234224FE2217D70D0062B8CB /* Release */,
			);
			defaultConfigurationIsVisible = 0;
			defaultConfigurationName = Release;
		};
		234224FF2217D70D0062B8CB /* Build configuration list for PBXNativeTarget "JoyfulChurch" */ = {
			isa = XCConfigurationList;
			buildConfigurations = (
				234225002217D70D0062B8CB /* Debug */,
				234225012217D70D0062B8CB /* Release */,
			);
			defaultConfigurationIsVisible = 0;
			defaultConfigurationName = Release;
		};
		234225022217D70D0062B8CB /* Build configuration list for PBXNativeTarget "JoyfulChurchTests" */ = {
			isa = XCConfigurationList;
			buildConfigurations = (
				234225032217D70D0062B8CB /* Debug */,
				234225042217D70D0062B8CB /* Release */,
			);
			defaultConfigurationIsVisible = 0;
			defaultConfigurationName = Release;
		};
		234225052217D70D0062B8CB /* Build configuration list for PBXNativeTarget "JoyfulChurchUITests" */ = {
			isa = XCConfigurationList;
			buildConfigurations = (
				234225062217D70D0062B8CB /* Debug */,
				234225072217D70D0062B8CB /* Release */,
			);
			defaultConfigurationIsVisible = 0;
			defaultConfigurationName = Release;
		};
/* End XCConfigurationList section */
	};
	rootObject = 234224CF2217D70A0062B8CB /* Project object */;
}
